
Microsoft Visual Studio Solution File, Format Version 12.00
# Visual Studio Version 17
VisualStudioVersion = 17.14.36603.0 d17.14
MinimumVisualStudioVersion = 10.0.40219.1
Project("{FAE04EC0-301F-11D3-BF4B-00C04F79EFBC}") = "UsersService", "UsersService\UsersService.csproj", "{5E96F6D2-072B-4488-AB2A-AC0FE95BF8D6}"
EndProject
Project("{FAE04EC0-301F-11D3-BF4B-00C04F79EFBC}") = "AppointmentsService", "AppointmentsService\AppointmentsService.csproj", "{1AA866BC-81CD-4E96-9C91-113EE76891A3}"
EndProject
Project("{FAE04EC0-301F-11D3-BF4B-00C04F79EFBC}") = "ApiGateway", "ApiGateway\ApiGateway.csproj", "{B218DFFA-4F0B-4E08-81AA-76D35E7274EA}"
EndProject
Global
	GlobalSection(SolutionConfigurationPlatforms) = preSolution
		Debug|Any CPU = Debug|Any CPU
		Release|Any CPU = Release|Any CPU
	EndGlobalSection
	GlobalSection(ProjectConfigurationPlatforms) = postSolution
		{5E96F6D2-072B-4488-AB2A-AC0FE95BF8D6}.Debug|Any CPU.ActiveCfg = Debug|Any CPU
		{5E96F6D2-072B-4488-AB2A-AC0FE95BF8D6}.Debug|Any CPU.Build.0 = Debug|Any CPU
		{5E96F6D2-072B-4488-AB2A-AC0FE95BF8D6}.Release|Any CPU.ActiveCfg = Release|Any CPU
		{5E96F6D2-072B-4488-AB2A-AC0FE95BF8D6}.Release|Any CPU.Build.0 = Release|Any CPU
		{1AA866BC-81CD-4E96-9C91-113EE76891A3}.Debug|Any CPU.ActiveCfg = Debug|Any CPU
		{1AA866BC-81CD-4E96-9C91-113EE76891A3}.Debug|Any CPU.Build.0 = Debug|Any CPU
		{1AA866BC-81CD-4E96-9C91-113EE76891A3}.Release|Any CPU.ActiveCfg = Release|Any CPU
		{1AA866BC-81CD-4E96-9C91-113EE76891A3}.Release|Any CPU.Build.0 = Release|Any CPU
		{B218DFFA-4F0B-4E08-81AA-76D35E7274EA}.Debug|Any CPU.ActiveCfg = Debug|Any CPU
		{B218DFFA-4F0B-4E08-81AA-76D35E7274EA}.Debug|Any CPU.Build.0 = Debug|Any CPU
		{B218DFFA-4F0B-4E08-81AA-76D35E7274EA}.Release|Any CPU.ActiveCfg = Release|Any CPU
		{B218DFFA-4F0B-4E08-81AA-76D35E7274EA}.Release|Any CPU.Build.0 = Release|Any CPU
	EndGlobalSection
	GlobalSection(SolutionProperties) = preSolution
		HideSolutionNode = FALSE
	EndGlobalSection
	GlobalSection(ExtensibilityGlobals) = postSolution
		SolutionGuid = {F6378702-5ED2-4BD9-B4BC-2758B1936FC9}
	EndGlobalSection
EndGlobal
